
Microsoft Visual Studio Solution File, Format Version 12.00
# Visual Studio Version 17
VisualStudioVersion = 17.0.32112.339
MinimumVisualStudioVersion = 10.0.40219.1
Project("{FAE04EC0-301F-11D3-BF4B-00C04F79EFBC}") = "APICatalogo", "APICatalogo\APICatalogo.csproj", "{1AAD4AEF-CEAD-4021-AA90-B068D7FE90DC}"
EndProject
Global
	GlobalSection(SolutionConfigurationPlatforms) = preSolution
		Debug|Any CPU = Debug|Any CPU
		Release|Any CPU = Release|Any CPU
	EndGlobalSection
	GlobalSection(ProjectConfigurationPlatforms) = postSolution
		{1AAD4AEF-CEAD-4021-AA90-B068D7FE90DC}.Debug|Any CPU.ActiveCfg = Debug|Any CPU
		{1AAD4AEF-CEAD-4021-AA90-B068D7FE90DC}.Debug|Any CPU.Build.0 = Debug|Any CPU
		{1AAD4AEF-CEAD-4021-AA90-B068D7FE90DC}.Release|Any CPU.ActiveCfg = Release|Any CPU
		{1AAD4AEF-CEAD-4021-AA90-B068D7FE90DC}.Release|Any CPU.Build.0 = Release|Any CPU
	EndGlobalSection
	GlobalSection(SolutionProperties) = preSolution
		HideSolutionNode = FALSE
	EndGlobalSection
	GlobalSection(ExtensibilityGlobals) = postSolution
		SolutionGuid = {7E6AFF19-59B3-46C2-B61F-CC68CF252B3E}
	EndGlobalSection
EndGlobal
